{
  "name": "drone-visualization",
  "version": "0.0.0",
  "lockfileVersion": 3,
  "requires": true,
  "packages": {
    "": {
      "version": "0.0.0",
      "dependencies": {
        "@mapbox/mapbox-gl-draw": "^1.3.0",
        "@types/geojson": "^7946.0.8",
        "@types/mapbox__mapbox-gl-draw": "^1.2.3",
        "geojson": "^0.5.0",
        "mapbox-gl": "^2.6.1"
      },
      "devDependencies": {
        "@types/mapbox-gl": "^2.4.2",
        "typescript": "^4.3.2",
        "vite": "^2.6.4"
      }
    },
    "node_modules/@mapbox/geojson-area": {
      "version": "0.2.2",
      "resolved": "https://registry.npmjs.org/@mapbox/geojson-area/-/geojson-area-0.2.2.tgz",
      "integrity": "sha512-bBqqFn1kIbLBfn7Yq1PzzwVkPYQr9lVUeT8Dhd0NL5n76PBuXzOcuLV7GOSbEB1ia8qWxH4COCvFpziEu/yReA==",
      "license": "BSD-2-Clause",
      "dependencies": {
        "wgs84": "0.0.0"
      }
    },
    "node_modules/@mapbox/geojson-normalize": {
      "version": "0.0.1",
      "resolved": "https://registry.npmjs.org/@mapbox/geojson-normalize/-/geojson-normalize-0.0.1.tgz",
      "integrity": "sha512-82V7YHcle8lhgIGqEWwtXYN5cy0QM/OHq3ypGhQTbvHR57DF0vMHMjjVSQKFfVXBe/yWCBZTyOuzvK7DFFnx5Q==",
      "license": "ISC",
      "bin": {
        "geojson-normalize": "geojson-normalize"
      }
    },
    "node_modules/@mapbox/geojson-rewind": {
      "version": "0.5.2",
      "resolved": "https://registry.npmjs.org/@mapbox/geojson-rewind/-/geojson-rewind-0.5.2.tgz",
      "integrity": "sha512-tJaT+RbYGJYStt7wI3cq4Nl4SXxG8W7JDG5DMJu97V25RnbNg3QtQtf+KD+VLjNpWKYsRvXDNmNrBgEETr1ifA==",
      "license": "ISC",
      "dependencies": {
        "get-stream": "^6.0.1",
        "minimist": "^1.2.6"
      },
      "bin": {
        "geojson-rewind": "geojson-rewind"
      }
    },
    "node_modules/@mapbox/jsonlint-lines-primitives": {
      "version": "2.0.3",
      "resolved": "https://registry.npmjs.org/@mapbox/jsonlint-lines-primitives/-/jsonlint-lines-primitives-2.0.3.tgz",
      "integrity": "sha512-0SElaV0uMxEnxzBhhX9WTuPyUeMsAN/SS0i16tjuba4/mio63MG9khjC1a0JAiPGXAwvwm4UfHJURCN7nyudQg==",
      "license": "MIT",
      "engines": {
        "node": ">= 22"
      }
    },
    "node_modules/@mapbox/mapbox-gl-draw": {
      "version": "1.5.1",
      "resolved": "https://registry.npmjs.org/@mapbox/mapbox-gl-draw/-/mapbox-gl-draw-1.5.1.tgz",
      "integrity": "sha512-DnR/oarZVoIrVHssAn+mtpuGzYH+ebORoPjow46zTBNPod/HQnvIZGtL6hIb5BVWxxH49RC9D20ipxiO9WDRxA==",
      "license": "ISC",
      "dependencies": {
        "@mapbox/geojson-area": "^0.2.2",
        "@mapbox/geojson-normalize": "^0.0.1",
        "@mapbox/point-geometry": "^1.1.0",
        "@turf/projection": "^7.2.0",
        "fast-deep-equal": "^3.1.3",
        "nanoid": "^5.0.9"
      },
      "engines": {
        "node": "^18.0.0 || >=20.0.0"
      }
    },
    "node_modules/@mapbox/mapbox-gl-draw/node_modules/nanoid": {
      "version": "5.1.16",
      "resolved": "https://registry.npmjs.org/nanoid/-/nanoid-5.1.16.tgz",
      "integrity": "sha512-kVrnsrJqMR8+oLJnGEmSWw9BivK5mt7H3FZatVRjrc5wGqFYuBxX1yG7+A7Gi5AefkX6t/oCkizcQgpu0cY1dQ==",
      "funding": [
        {
          "type": "github",
          "url": "https://github.com/sponsors/ai"
        }
      ],
      "license": "MIT",
      "bin": {
        "nanoid": "bin/nanoid.js"
      },
      "engines": {
        "node": "^18 || >=20"
      }
    },
    "node_modules/@mapbox/mapbox-gl-supported": {
      "version": "2.0.1",
      "resolved": "https://registry.npmjs.org/@mapbox/mapbox-gl-supported/-/mapbox-gl-supported-2.0.1.tgz",
      "integrity": "sha512-HP6XvfNIzfoMVfyGjBckjiAOQK9WfX0ywdLubuPMPv+Vqf5fj0uCbgBQYpiqcWZT6cbyyRnTSXDheT1ugvF6UQ==",
      "license": "BSD-3-Clause"
    },
    "node_modules/@mapbox/point-geometry": {
      "version": "1.1.0",
      "resolved": "https://registry.npmjs.org/@mapbox/point-geometry/-/point-geometry-1.1.0.tgz",
      "integrity": "sha512-YGcBz1cg4ATXDCM/71L9xveh4dynfGmcLDqufR+nQQy3fKwsAZsWd/x4621/6uJaeB9mwOHE6hPeDgXz9uViUQ==",
      "license": "ISC"
    },
    "node_modules/@mapbox/tiny-sdf": {
      "version": "2.2.0",
      "resolved": "https://registry.npmjs.org/@mapbox/tiny-sdf/-/tiny-sdf-2.2.0.tgz",
      "integrity": "sha512-LVL4wgI9YAum5V+LNVQO6QgFBPw7/MIIY4XJPNsPDMrjEwcE+JfKk1LuIl8GnF197ejVdC9QdPaxrx5gfgdGXg==",
      "license": "BSD-2-Clause"
    },
    "node_modules/@mapbox/unitbezier": {
      "version": "0.0.1",
      "resolved": "https://registry.npmjs.org/@mapbox/unitbezier/-/unitbezier-0.0.1.tgz",
      "integrity": "sha512-nMkuDXFv60aBr9soUG5q+GvZYL+2KZHVvsqFCzqnkGEf46U2fvmytHaEVc1/YZbiLn8X+eR3QzX1+dwDO1lxlw==",
      "license": "BSD-2-Clause"
    },
    "node_modules/@mapbox/vector-tile": {
      "version": "1.3.1",
      "resolved": "https://registry.npmjs.org/@mapbox/vector-tile/-/vector-tile-1.3.1.tgz",
      "integrity": "sha512-MCEddb8u44/xfQ3oD+Srl/tNcQoqTw3goGk2oLsrFxOTc3dUp+kAnby3PvAeeBYSMSjSPD1nd1AJA6W49WnoUw==",
      "license": "BSD-3-Clause",
      "dependencies": {
        "@mapbox/point-geometry": "~0.1.0"
      }
    },
    "node_modules/@mapbox/vector-tile/node_modules/@mapbox/point-geometry": {
      "version": "0.1.0",
      "resolved": "https://registry.npmjs.org/@mapbox/point-geometry/-/point-geometry-0.1.0.tgz",
      "integrity": "sha512-6j56HdLTwWGO0fJPlrZtdU/B13q8Uwmo18Ck2GnGgN9PCFyKTZ3UbXeEdRFh18i9XQ92eH2VdtpJHpBD3aripQ==",
      "license": "ISC"
    },
    "node_modules/@mapbox/whoots-js": {
      "version": "3.1.0",
      "resolved": "https://registry.npmjs.org/@mapbox/whoots-js/-/whoots-js-3.1.0.tgz",
      "integrity": "sha512-Es6WcD0nO5l+2BOQS4uLfNPYQaNDfbot3X1XUoloz+x0mPDS3eeORZJl06HXjwBG1fOGwCRnzK88LMdxKRrd6Q==",
      "license": "ISC",
      "engines": {
        "node": ">=6.0.0"
      }
    },
    "node_modules/@turf/clone": {
      "version": "7.4.0",
      "resolved": "https://registry.npmjs.org/@turf/clone/-/clone-7.4.0.tgz",
      "integrity": "sha512-IfYnuil7XYJauy3crzIYEr26QkmBiTgFdGfYwUUe3S6dawX+lyb3vhuaYyssEPcCJq83g0G7hwxZy7141Mmzjg==",
      "license": "MIT",
      "dependencies": {
        "@turf/helpers": "7.4.0",
        "@types/geojson": "^7946.0.10",
        "tslib": "^2.8.1"
      },
      "funding": {
        "url": "https://opencollective.com/turf"
      }
    },
    "node_modules/@turf/helpers": {
      "version": "7.4.0",
      "resolved": "https://registry.npmjs.org/@turf/helpers/-/helpers-7.4.0.tgz",
      "integrity": "sha512-7PAwLZqOdRzTI5g9bHvUwlloAXPDH/mlajtryk0tw4ZwGMtmXsAyF4QundsAMfy4u48Fyd3AUqMXY0SMxqJGWg==",
      "license": "MIT",
      "dependencies": {
        "@types/geojson": "^7946.0.10",
        "tslib": "^2.8.1"
      },
      "funding": {
        "url": "https://opencollective.com/turf"
      }
    },
    "node_modules/@turf/meta": {
      "version": "7.4.0",
      "resolved": "https://registry.npmjs.org/@turf/meta/-/meta-7.4.0.tgz",
      "integrity": "sha512-3cLUvlEyDuSnMSzrjhaLAEiYR8xhbfWyTVQlrlEw40xL81d4KF4PqUWbjTXKpXZStdYbet2GCurl79KMypNw6g==",
      "license": "MIT",
      "dependencies": {
        "@turf/helpers": "7.4.0",
        "@types/geojson": "^7946.0.10",
        "tslib": "^2.8.1"
      },
      "funding": {
        "url": "https://opencollective.com/turf"
      }
    },
    "node_modules/@turf/projection": {
      "version": "7.4.0",
      "resolved": "https://registry.npmjs.org/@turf/projection/-/projection-7.4.0.tgz",
      "integrity": "sha512-ZS932qM+18V1UBvNlrNXUCD7mh9CzQqZzw/ElVtb0kAk6N00FYQ9bo26Cca08UZKXh3rZqG/e4eCK74JNGS4Zg==",
      "license": "MIT",
      "dependencies": {
        "@turf/clone": "7.4.0",
        "@turf/helpers": "7.4.0",
        "@turf/meta": "7.4.0",
        "@types/geojson": "^7946.0.10",
        "tslib": "^2.8.1"
      },
      "funding": {
        "url": "https://opencollective.com/turf"
      }
    },
    "node_modules/@types/geojson": {
      "version": "7946.0.16",
      "resolved": "https://registry.npmjs.org/@types/geojson/-/geojson-7946.0.16.tgz",
      "integrity": "sha512-6C8nqWur3j98U6+lXDfTUWIfgvZU+EumvpHKcYjujKH7woYyLj2sUmff0tRhrqM7BohUw7Pz3ZB1jj2gW9Fvmg==",
      "license": "MIT"
    },
    "node_modules/@types/mapbox__mapbox-gl-draw": {
      "version": "1.4.9",
      "resolved": "https://registry.npmjs.org/@types/mapbox__mapbox-gl-draw/-/mapbox__mapbox-gl-draw-1.4.9.tgz",
      "integrity": "sha512-8OtRdlSFbF/NDKg3CYQZPbI41JUwRPHIOB1f3fc3AG0Wb7CecSuuUG5EG+IsCmTHyzF6cyKpcjR/jcv62U3w6w==",
      "license": "MIT",
      "dependencies": {
        "@types/geojson": "*",
        "mapbox-gl": "*"
      }
    },
    "node_modules/@types/mapbox-gl": {
      "version": "2.4.2",
      "resolved": "https://registry.npmjs.org/@types/mapbox-gl/-/mapbox-gl-2.4.2.tgz",
      "integrity": "sha512-mKgjmhUN780YGy9ZEyJK0Sr9gMtERmTQimGsIa5WrBHPlBXdmjYfqtz8nSMI7hOnQFphcuSMyqQswaQESFLHsA==",
      "dev": true,
      "dependencies": {
        "@types/geojson": "*"
      }
    },
    "node_modules/csscolorparser": {
      "version": "1.0.3",
      "resolved": "https://registry.npmjs.org/csscolorparser/-/csscolorparser-1.0.3.tgz",
      "integrity": "sha512-umPSgYwZkdFoUrH5hIq5kf0wPSXiro51nPw0j2K/c83KflkPSTBGMz6NJvMB+07VlL0y7VPo6QJcDjcgKTTm3w==",
      "license": "MIT"
    },
    "node_modules/earcut": {
      "version": "2.2.4",
      "resolved": "https://registry.npmjs.org/earcut/-/earcut-2.2.4.tgz",
      "integrity": "sha512-/pjZsA1b4RPHbeWZQn66SWS8nZZWLQQ23oE3Eam7aroEFGEvwKAsJfZ9ytiEMycfzXWpca4FA9QIOehf7PocBQ==",
      "license": "ISC"
    },
    "node_modules/esbuild": {
      "version": "0.13.15",
      "resolved": "https://registry.npmjs.org/esbuild/-/esbuild-0.13.15.tgz",
      "integrity": "sha512-raCxt02HBKv8RJxE8vkTSCXGIyKHdEdGfUmiYb8wnabnaEmHzyW7DCHb5tEN0xU8ryqg5xw54mcwnYkC4x3AIw==",
      "dev": true,
      "hasInstallScript": true,
      "bin": {
        "esbuild": "bin/esbuild"
      },
      "optionalDependencies": {
        "esbuild-android-arm64": "0.13.15",
        "esbuild-darwin-64": "0.13.15",
        "esbuild-darwin-arm64": "0.13.15",
        "esbuild-freebsd-64": "0.13.15",
        "esbuild-freebsd-arm64": "0.13.15",
        "esbuild-linux-32": "0.13.15",
        "esbuild-linux-64": "0.13.15",
        "esbuild-linux-arm": "0.13.15",
        "esbuild-linux-arm64": "0.13.15",
        "esbuild-linux-mips64le": "0.13.15",
        "esbuild-linux-ppc64le": "0.13.15",
        "esbuild-netbsd-64": "0.13.15",
        "esbuild-openbsd-64": "0.13.15",
        "esbuild-sunos-64": "0.13.15",
        "esbuild-windows-32": "0.13.15",
        "esbuild-windows-64": "0.13.15",
        "esbuild-windows-arm64": "0.13.15"
      }
    },
    "node_modules/esbuild-android-arm64": {
      "version": "0.13.15",
      "resolved": "https://registry.npmjs.org/esbuild-android-arm64/-/esbuild-android-arm64-0.13.15.tgz",
      "integrity": "sha512-m602nft/XXeO8YQPUDVoHfjyRVPdPgjyyXOxZ44MK/agewFFkPa8tUo6lAzSWh5Ui5PB4KR9UIFTSBKh/RrCmg==",
      "cpu": [
        "arm64"
      ],
      "dev": true,
      "optional": true,
      "os": [
        "android"
      ]
    },
    "node_modules/esbuild-darwin-64": {
      "version": "0.13.15",
      "resolved": "https://registry.npmjs.org/esbuild-darwin-64/-/esbuild-darwin-64-0.13.15.tgz",
      "integrity": "sha512-ihOQRGs2yyp7t5bArCwnvn2Atr6X4axqPpEdCFPVp7iUj4cVSdisgvEKdNR7yH3JDjW6aQDw40iQFoTqejqxvQ==",
      "cpu": [
        "x64"
      ],
      "dev": true,
      "optional": true,
      "os": [
        "darwin"
      ]
    },
    "node_modules/esbuild-darwin-arm64": {
      "version": "0.13.15",
      "resolved": "https://registry.npmjs.org/esbuild-darwin-arm64/-/esbuild-darwin-arm64-0.13.15.tgz",
      "integrity": "sha512-i1FZssTVxUqNlJ6cBTj5YQj4imWy3m49RZRnHhLpefFIh0To05ow9DTrXROTE1urGTQCloFUXTX8QfGJy1P8dQ==",
      "cpu": [
        "arm64"
      ],
      "dev": true,
      "optional": true,
      "os": [
        "darwin"
      ]
    },
    "node_modules/esbuild-freebsd-64": {
      "version": "0.13.15",
      "resolved": "https://registry.npmjs.org/esbuild-freebsd-64/-/esbuild-freebsd-64-0.13.15.tgz",
      "integrity": "sha512-G3dLBXUI6lC6Z09/x+WtXBXbOYQZ0E8TDBqvn7aMaOCzryJs8LyVXKY4CPnHFXZAbSwkCbqiPuSQ1+HhrNk7EA==",
      "cpu": [
        "x64"
      ],
      "dev": true,
      "optional": true,
      "os": [
        "freebsd"
      ]
    },
    "node_modules/esbuild-freebsd-arm64": {
      "version": "0.13.15",
      "resolved": "https://registry.npmjs.org/esbuild-freebsd-arm64/-/esbuild-freebsd-arm64-0.13.15.tgz",
      "integrity": "sha512-KJx0fzEDf1uhNOZQStV4ujg30WlnwqUASaGSFPhznLM/bbheu9HhqZ6mJJZM32lkyfGJikw0jg7v3S0oAvtvQQ==",
      "cpu": [
        "arm64"
      ],
      "dev": true,
      "optional": true,
      "os": [
        "freebsd"
      ]
    },
    "node_modules/esbuild-linux-32": {
      "version": "0.13.15",
      "resolved": "https://registry.npmjs.org/esbuild-linux-32/-/esbuild-linux-32-0.13.15.tgz",
      "integrity": "sha512-ZvTBPk0YWCLMCXiFmD5EUtB30zIPvC5Itxz0mdTu/xZBbbHJftQgLWY49wEPSn2T/TxahYCRDWun5smRa0Tu+g==",
      "cpu": [
        "ia32"
      ],
      "dev": true,
      "optional": true,
      "os": [
        "linux"
      ]
    },
    "node_modules/esbuild-linux-64": {
      "version": "0.13.15",
      "resolved": "https://registry.npmjs.org/esbuild-linux-64/-/esbuild-linux-64-0.13.15.tgz",
      "integrity": "sha512-eCKzkNSLywNeQTRBxJRQ0jxRCl2YWdMB3+PkWFo2BBQYC5mISLIVIjThNtn6HUNqua1pnvgP5xX0nHbZbPj5oA==",
      "cpu": [
        "x64"
      ],
      "dev": true,
      "optional": true,
      "os": [
        "linux"
      ]
    },
    "node_modules/esbuild-linux-arm": {
      "version": "0.13.15",
      "resolved": "https://registry.npmjs.org/esbuild-linux-arm/-/esbuild-linux-arm-0.13.15.tgz",
      "integrity": "sha512-wUHttDi/ol0tD8ZgUMDH8Ef7IbDX+/UsWJOXaAyTdkT7Yy9ZBqPg8bgB/Dn3CZ9SBpNieozrPRHm0BGww7W/jA==",
      "cpu": [
        "arm"
      ],
      "dev": true,
      "optional": true,
      "os": [
        "linux"
      ]
    },
    "node_modules/esbuild-linux-arm64": {
      "version": "0.13.15",
      "resolved": "https://registry.npmjs.org/esbuild-linux-arm64/-/esbuild-linux-arm64-0.13.15.tgz",
      "integrity": "sha512-bYpuUlN6qYU9slzr/ltyLTR9YTBS7qUDymO8SV7kjeNext61OdmqFAzuVZom+OLW1HPHseBfJ/JfdSlx8oTUoA==",
      "cpu": [
        "arm64"
      ],
      "dev": true,
      "optional": true,
      "os": [
        "linux"
      ]
    },
    "node_modules/esbuild-linux-mips64le": {
      "version": "0.13.15",
      "resolved": "https://registry.npmjs.org/esbuild-linux-mips64le/-/esbuild-linux-mips64le-0.13.15.tgz",
      "integrity": "sha512-KlVjIG828uFPyJkO/8gKwy9RbXhCEUeFsCGOJBepUlpa7G8/SeZgncUEz/tOOUJTcWMTmFMtdd3GElGyAtbSWg==",
      "cpu": [
        "mips64el"
      ],
      "dev": true,
      "optional": true,
      "os": [
        "linux"
      ]
    },
    "node_modules/esbuild-linux-ppc64le": {
      "version": "0.13.15",
      "resolved": "https://registry.npmjs.org/esbuild-linux-ppc64le/-/esbuild-linux-ppc64le-0.13.15.tgz",
      "integrity": "sha512-h6gYF+OsaqEuBjeesTBtUPw0bmiDu7eAeuc2OEH9S6mV9/jPhPdhOWzdeshb0BskRZxPhxPOjqZ+/OqLcxQwEQ==",
      "cpu": [
        "ppc64"
      ],
      "dev": true,
      "optional": true,
      "os": [
        "linux"
      ]
    },
    "node_modules/esbuild-netbsd-64": {
      "version": "0.13.15",
      "resolved": "https://registry.npmjs.org/esbuild-netbsd-64/-/esbuild-netbsd-64-0.13.15.tgz",
      "integrity": "sha512-3+yE9emwoevLMyvu+iR3rsa+Xwhie7ZEHMGDQ6dkqP/ndFzRHkobHUKTe+NCApSqG5ce2z4rFu+NX/UHnxlh3w==",
      "cpu": [
        "x64"
      ],
      "dev": true,
      "optional": true,
      "os": [
        "netbsd"
      ]
    },
    "node_modules/esbuild-openbsd-64": {
      "version": "0.13.15",
      "resolved": "https://registry.npmjs.org/esbuild-openbsd-64/-/esbuild-openbsd-64-0.13.15.tgz",
      "integrity": "sha512-wTfvtwYJYAFL1fSs8yHIdf5GEE4NkbtbXtjLWjM3Cw8mmQKqsg8kTiqJ9NJQe5NX/5Qlo7Xd9r1yKMMkHllp5g==",
      "cpu": [
        "x64"
      ],
      "dev": true,
      "optional": true,
      "os": [
        "openbsd"
      ]
    },
    "node_modules/esbuild-sunos-64": {
      "version": "0.13.15",
      "resolved": "https://registry.npmjs.org/esbuild-sunos-64/-/esbuild-sunos-64-0.13.15.tgz",
      "integrity": "sha512-lbivT9Bx3t1iWWrSnGyBP9ODriEvWDRiweAs69vI+miJoeKwHWOComSRukttbuzjZ8r1q0mQJ8Z7yUsDJ3hKdw==",
      "cpu": [
        "x64"
      ],
      "dev": true,
      "optional": true,
      "os": [
        "sunos"
      ]
    },
    "node_modules/esbuild-windows-32": {
      "version": "0.13.15",
      "resolved": "https://registry.npmjs.org/esbuild-windows-32/-/esbuild-windows-32-0.13.15.tgz",
      "integrity": "sha512-fDMEf2g3SsJ599MBr50cY5ve5lP1wyVwTe6aLJsM01KtxyKkB4UT+fc5MXQFn3RLrAIAZOG+tHC+yXObpSn7Nw==",
      "cpu": [
        "ia32"
      ],
      "dev": true,
      "optional": true,
      "os": [
        "win32"
      ]
    },
    "node_modules/esbuild-windows-64": {
      "version": "0.13.15",
      "resolved": "https://registry.npmjs.org/esbuild-windows-64/-/esbuild-windows-64-0.13.15.tgz",
      "integrity": "sha512-9aMsPRGDWCd3bGjUIKG/ZOJPKsiztlxl/Q3C1XDswO6eNX/Jtwu4M+jb6YDH9hRSUflQWX0XKAfWzgy5Wk54JQ==",
      "cpu": [
        "x64"
      ],
      "dev": true,
      "optional": true,
      "os": [
        "win32"
      ]
    },
    "node_modules/esbuild-windows-arm64": {
      "version": "0.13.15",
      "resolved": "https://registry.npmjs.org/esbuild-windows-arm64/-/esbuild-windows-arm64-0.13.15.tgz",
      "integrity": "sha512-zzvyCVVpbwQQATaf3IG8mu1IwGEiDxKkYUdA4FpoCHi1KtPa13jeScYDjlW0Qh+ebWzpKfR2ZwvqAQkSWNcKjA==",
      "cpu": [
        "arm64"
      ],
      "dev": true,
      "optional": true,
      "os": [
        "win32"
      ]
    },
    "node_modules/fast-deep-equal": {
      "version": "3.1.3",
      "resolved": "https://registry.npmjs.org/fast-deep-equal/-/fast-deep-equal-3.1.3.tgz",
      "integrity": "sha512-f3qQ9oQy9j2AhBe/H9VC91wLmKBCCU/gDOnKNAYG5hswO7BLKj09Hc5HYNz9cGI++xlpDCIgDaitVs03ATR84Q==",
      "license": "MIT"
    },
    "node_modules/fsevents": {
      "version": "2.3.2",
      "resolved": "https://registry.npmjs.org/fsevents/-/fsevents-2.3.2.tgz",
      "integrity": "sha512-xiqMQR4xAeHTuB9uWm+fFRcIOgKBMiOBP+eXiyT7jsgVCq1bkVygt00oASowB7EdtpOHaaPgKt812P9ab+DDKA==",
      "dev": true,
      "hasInstallScript": true,
      "optional": true,
      "os": [
        "darwin"
      ],
      "engines": {
        "node": "^8.16.0 || ^10.6.0 || >=11.0.0"
      }
    },
    "node_modules/function-bind": {
      "version": "1.1.1",
      "resolved": "https://registry.npmjs.org/function-bind/-/function-bind-1.1.1.tgz",
      "integrity": "sha512-yIovAzMX49sF8Yl58fSCWJ5svSLuaibPxXQJFLmBObTuCr0Mf1KiPopGM9NiFjiYBCbfaa2Fh6breQ6ANVTI0A==",
      "dev": true
    },
    "node_modules/geojson": {
      "version": "0.5.0",
      "integrity": "sha512-/Bx5lEn+qRF4TfQ5aLu6NH+UKtvIv7Lhc487y/c8BdludrCTpiWf9wyI0RTyqg49MFefIAvFDuEi5Dfd/zgNxQ==",
      "engines": {
        "node": ">= 0.10"
      }
    },
    "node_modules/geojson-vt": {
      "version": "3.2.1",
      "resolved": "https://registry.npmjs.org/geojson-vt/-/geojson-vt-3.2.1.tgz",
      "integrity": "sha512-EvGQQi/zPrDA6zr6BnJD/YhwAkBP8nnJ9emh3EnHQKVMfg/MRVtPbMYdgVy/IaEmn4UfagD2a6fafPDL5hbtwg==",
      "license": "ISC"
    },
    "node_modules/get-stream": {
      "version": "6.0.1",
      "resolved": "https://registry.npmjs.org/get-stream/-/get-stream-6.0.1.tgz",
      "integrity": "sha512-ts6Wi+2j3jQjqi70w5AlN8DFnkSwC+MqmxEzdEALB2qXZYV3X/b1CTfgPLGJNMeAWxdPfU8FO1ms3NUfaHCPYg==",
      "license": "MIT",
      "engines": {
        "node": ">=10"
      },
      "funding": {
        "url": "https://github.com/sponsors/sindresorhus"
      }
    },
    "node_modules/gl-matrix": {
      "version": "3.4.4",
      "resolved": "https://registry.npmjs.org/gl-matrix/-/gl-matrix-3.4.4.tgz",
      "integrity": "sha512-latSnyDNt/8zYUB6VIJ6PCh2jBjJX6gnDsoCZ7LyW7GkqrD51EWwa9qCoGixj8YqBtETQK/xY7OmpTF8xz1DdQ==",
      "license": "MIT"
    },
    "node_modules/grid-index": {
      "version": "1.1.0",
      "resolved": "https://registry.npmjs.org/grid-index/-/grid-index-1.1.0.tgz",
      "integrity": "sha512-HZRwumpOGUrHyxO5bqKZL0B0GlUpwtCAzZ42sgxUPniu33R1LSFH5yrIcBCHjkctCAh3mtWKcKd9J4vDDdeVHA==",
      "license": "ISC"
    },
    "node_modules/has": {
      "version": "1.0.3",
      "resolved": "https://registry.npmjs.org/has/-/has-1.0.3.tgz",
      "integrity": "sha512-f2dvO0VU6Oej7RkWJGrehjbzMAjFp5/VKPp5tTpWIV4JHHZK1/BxbFRtf/siA2SWTe09caDmVtYYzWEIbBS4zw==",
      "dev": true,
      "dependencies": {
        "function-bind": "^1.1.1"
      },
      "engines": {
        "node": ">= 0.4.0"
      }
    },
    "node_modules/ieee754": {
      "version": "1.2.1",
      "resolved": "https://registry.npmjs.org/ieee754/-/ieee754-1.2.1.tgz",
      "integrity": "sha512-dcyqhDvX1C46lXZcVqCpK+FtMRQVdIMN6/Df5js2zouUsqG7I6sFxitIC+7KYK29KdXOLHdu9zL4sFnoVQnqaA==",
      "funding": [
        {
          "type": "github",
          "url": "https://github.com/sponsors/feross"
        },
        {
          "type": "patreon",
          "url": "https://www.patreon.com/feross"
        },
        {
          "type": "consulting",
          "url": "https://feross.org/support"
        }
      ],
      "license": "BSD-3-Clause"
    },
    "node_modules/is-core-module": {
      "version": "2.8.0",
      "resolved": "https://registry.npmjs.org/is-core-module/-/is-core-module-2.8.0.tgz",
      "integrity": "sha512-vd15qHsaqrRL7dtH6QNuy0ndJmRDrS9HAM1CAiSifNUFv4x1a0CCVsj18hJ1mShxIG6T2i1sO78MkP56r0nYRw==",
      "dev": true,
      "dependencies": {
        "has": "^1.0.3"
      },
      "funding": {
        "url": "https://github.com/sponsors/ljharb"
      }
    },
    "node_modules/kdbush": {
      "version": "4.1.0",
      "resolved": "https://registry.npmjs.org/kdbush/-/kdbush-4.1.0.tgz",
      "integrity": "sha512-e9vurzrXJQrFX6ckpHP3bvj5l+9CnYzkxDNnNQ1h2QTqdWsUAJgXiKdGNcOa1EY85dU8KbQ+z/FdQdB7P+9yfQ==",
      "license": "ISC"
    },
    "node_modules/mapbox-gl": {
      "version": "2.15.0",
      "resolved": "https://registry.npmjs.org/mapbox-gl/-/mapbox-gl-2.15.0.tgz",
      "integrity": "sha512-fjv+aYrd5TIHiL7wRa+W7KjtUqKWziJMZUkK5hm8TvJ3OLeNPx4NmW/DgfYhd/jHej8wWL+QJBDbdMMAKvNC0A==",
      "license": "SEE LICENSE IN LICENSE.txt",
      "dependencies": {
        "@mapbox/geojson-rewind": "^0.5.2",
        "@mapbox/jsonlint-lines-primitives": "^2.0.2",
        "@mapbox/mapbox-gl-supported": "^2.0.1",
        "@mapbox/point-geometry": "^0.1.0",
        "@mapbox/tiny-sdf": "^2.0.6",
        "@mapbox/unitbezier": "^0.0.1",
        "@mapbox/vector-tile": "^1.3.1",
        "@mapbox/whoots-js": "^3.1.0",
        "csscolorparser": "~1.0.3",
        "earcut": "^2.2.4",
        "geojson-vt": "^3.2.1",
        "gl-matrix": "^3.4.3",
        "grid-index": "^1.1.0",
        "kdbush": "^4.0.1",
        "murmurhash-js": "^1.0.0",
        "pbf": "^3.2.1",
        "potpack": "^2.0.0",
        "quickselect": "^2.0.0",
        "rw": "^1.3.3",
        "supercluster": "^8.0.0",
        "tinyqueue": "^2.0.3",
        "vt-pbf": "^3.1.3"
      }
    },
    "node_modules/mapbox-gl/node_modules/@mapbox/point-geometry": {
      "version": "0.1.0",
      "resolved": "https://registry.npmjs.org/@mapbox/point-geometry/-/point-geometry-0.1.0.tgz",
      "integrity": "sha512-6j56HdLTwWGO0fJPlrZtdU/B13q8Uwmo18Ck2GnGgN9PCFyKTZ3UbXeEdRFh18i9XQ92eH2VdtpJHpBD3aripQ==",
      "license": "ISC"
    },
    "node_modules/minimist": {
      "version": "1.2.8",
      "resolved": "https://registry.npmjs.org/minimist/-/minimist-1.2.8.tgz",
      "integrity": "sha512-2yyAR8qBkN3YuheJanUpWC5U3bb5osDywNB8RzDVlDwDHbocAJveqqj1u8+SVD7jkWT4yvsHCpWqqWqAxb0zCA==",
      "license": "MIT",
      "funding": {
        "url": "https://github.com/sponsors/ljharb"
      }
    },
    "node_modules/murmurhash-js": {
      "version": "1.0.0",
      "resolved": "https://registry.npmjs.org/murmurhash-js/-/murmurhash-js-1.0.0.tgz",
      "integrity": "sha512-TvmkNhkv8yct0SVBSy+o8wYzXjE4Zz3PCesbfs8HiCXXdcTuocApFv11UWlNFWKYsP2okqrhb7JNlSm9InBhIw==",
      "license": "MIT"
    },
    "node_modules/nanoid": {
      "version": "3.3.18",
      "resolved": "https://registry.npmjs.org/nanoid/-/nanoid-3.3.18.tgz",
      "integrity": "sha512-DTg4MJbGMWkfi6VZFdNt2/caMbQy4Ou+Op/hJQvGEWcnVfoA1QA+xzRKAzw9jD6+GVOOeYr/mIcuDSdug6F6+w==",
      "dev": true,
      "funding": [
        {
          "type": "github",
          "url": "https://github.com/sponsors/ai"
        }
      ],
      "license": "MIT",
      "bin": {
        "nanoid": "bin/nanoid.cjs"
      },
      "engines": {
        "node": "^10 || ^12 || ^13.7 || ^14 || >=15.0.1"
      }
    },
    "node_modules/path-parse": {
      "version": "1.0.7",
      "resolved": "https://registry.npmjs.org/path-parse/-/path-parse-1.0.7.tgz",
      "integrity": "sha512-LDJzPVEEEPR+y48z93A0Ed0yXb8pAByGWo/k5YYdYgpY2/2EsOsksJrq7lOHxryrVOn1ejG6oAp8ahvOIQD8sw==",
      "dev": true
    },
    "node_modules/pbf": {
      "version": "3.3.0",
      "resolved": "https://registry.npmjs.org/pbf/-/pbf-3.3.0.tgz",
      "integrity": "sha512-XDF38WCH3z5OV/OVa8GKUNtLAyneuzbCisx7QUCF8Q6Nutx0WnJrQe5O+kOtBlLfRNUws98Y58Lblp+NJG5T4Q==",
      "license": "BSD-3-Clause",
      "dependencies": {
        "ieee754": "^1.1.12",
        "resolve-protobuf-schema": "^2.1.0"
      },
      "bin": {
        "pbf": "bin/pbf"
      }
    },
    "node_modules/picocolors": {
      "version": "1.1.1",
      "resolved": "https://registry.npmjs.org/picocolors/-/picocolors-1.1.1.tgz",
      "integrity": "sha512-xceH2snhtb5M9liqDsmEw56le376mTZkEX/jEb/RxNFyegNul7eNslCXP9FDj/Lcu0X8KEyMceP2ntpaHrDEVA==",
      "dev": true,
      "license": "ISC"
    },
    "node_modules/postcss": {
      "version": "8.5.26",
      "resolved": "https://registry.npmjs.org/postcss/-/postcss-8.5.26.tgz",
      "integrity": "sha512-u82N74LFzG8ca+dD8puPnplTXoGH4fTPpVGuIbt36G3qvNlkvfD0lEAZSxaly3KX8TS/L1A1gsCEmvKmBcVbkQ==",
      "dev": true,
      "funding": [
        {
          "type": "opencollective",
          "url": "https://opencollective.com/postcss/"
        },
        {
          "type": "tidelift",
          "url": "https://tidelift.com/funding/github/npm/postcss"
        },
        {
          "type": "github",
          "url": "https://github.com/sponsors/ai"
        }
      ],
      "license": "MIT",
      "dependencies": {
        "nanoid": "^3.3.17",
        "picocolors": "^1.1.1",
        "source-map-js": "^1.2.1"
      },
      "engines": {
        "node": "^10 || ^12 || >=14"
      }
    },
    "node_modules/potpack": {
      "version": "2.1.0",
      "resolved": "https://registry.npmjs.org/potpack/-/potpack-2.1.0.tgz",
      "integrity": "sha512-pcaShQc1Shq0y+E7GqJqvZj8DTthWV1KeHGdi0Z6IAin2Oi3JnLCOfwnCo84qc+HAp52wT9nK9H7FAJp5a44GQ==",
      "license": "ISC"
    },
    "node_modules/protocol-buffers-schema": {
      "version": "3.6.1",
      "resolved": "https://registry.npmjs.org/protocol-buffers-schema/-/protocol-buffers-schema-3.6.1.tgz",
      "integrity": "sha512-VG2K63Igkiv9p76tk1lilczEK1cT+kCjKtkdhw1dQZV3k3IXJbd3o6Ho8b9zJZaHSnT2hKe4I+ObmX9w6m5SmQ==",
      "license": "MIT"
    },
    "node_modules/quickselect": {
      "version": "2.0.0",
      "resolved": "https://registry.npmjs.org/quickselect/-/quickselect-2.0.0.tgz",
      "integrity": "sha512-RKJ22hX8mHe3Y6wH/N3wCM6BWtjaxIyyUIkpHOvfFnxdI4yD4tBXEBKSbriGujF6jnSVkJrffuo6vxACiSSxIw==",
      "license": "ISC"
    },
    "node_modules/resolve": {
      "version": "1.20.0",
      "resolved": "https://registry.npmjs.org/resolve/-/resolve-1.20.0.tgz",
      "integrity": "sha512-wENBPt4ySzg4ybFQW2TT1zMQucPK95HSh/nq2CFTZVOGut2+pQvSsgtda4d26YrYcr067wjbmzOG8byDPBX63A==",
      "dev": true,
      "dependencies": {
        "is-core-module": "^2.2.0",
        "path-parse": "^1.0.6"
      },
      "funding": {
        "url": "https://github.com/sponsors/ljharb"
      }
    },
    "node_modules/resolve-protobuf-schema": {
      "version": "2.1.0",
      "resolved": "https://registry.npmjs.org/resolve-protobuf-schema/-/resolve-protobuf-schema-2.1.0.tgz",
      "integrity": "sha512-kI5ffTiZWmJaS/huM8wZfEMer1eRd7oJQhDuxeCLe3t7N7mX3z94CN0xPxBQxFYQTSNz9T0i+v6inKqSdK8xrQ==",
      "license": "MIT",
      "dependencies": {
        "protocol-buffers-schema": "^3.3.1"
      }
    },
    "node_modules/rollup": {
      "version": "2.60.1",
      "resolved": "https://registry.npmjs.org/rollup/-/rollup-2.60.1.tgz",
      "integrity": "sha512-akwfnpjY0rXEDSn1UTVfKXJhPsEBu+imi1gqBA1ZkHGydUnkV/fWCC90P7rDaLEW8KTwBcS1G3N4893Ndz+jwg==",
      "dev": true,
      "bin": {
        "rollup": "dist/bin/rollup"
      },
      "engines": {
        "node": ">=10.0.0"
      },
      "optionalDependencies": {
        "fsevents": "~2.3.2"
      }
    },
    "node_modules/rw": {
      "version": "1.3.3",
      "resolved": "https://registry.npmjs.org/rw/-/rw-1.3.3.tgz",
      "integrity": "sha512-PdhdWy89SiZogBLaw42zdeqtRJ//zFd2PgQavcICDUgJT5oW10QCRKbJ6bg4r0/UY2M6BWd5tkxuGFRvCkgfHQ==",
      "license": "BSD-3-Clause"
    },
    "node_modules/source-map-js": {
      "version": "1.2.1",
      "resolved": "https://registry.npmjs.org/source-map-js/-/source-map-js-1.2.1.tgz",
      "integrity": "sha512-UXWMKhLOwVKb728IUtQPXxfYU+usdybtUrK/8uGE8CQMvrhOpwvzDBwj0QhSL7MQc7vIsISBG8VQ8+IDQxpfQA==",
      "dev": true,
      "license": "BSD-3-Clause",
      "engines": {
        "node": ">=0.10.0"
      }
    },
    "node_modules/supercluster": {
      "version": "8.0.1",
      "resolved": "https://registry.npmjs.org/supercluster/-/supercluster-8.0.1.tgz",
      "integrity": "sha512-IiOea5kJ9iqzD2t7QJq/cREyLHTtSmUT6gQsweojg9WH2sYJqZK9SswTu6jrscO6D1G5v5vYZ9ru/eq85lXeZQ==",
      "license": "ISC",
      "dependencies": {
        "kdbush": "^4.0.2"
      }
    },
    "node_modules/tinyqueue": {
      "version": "2.0.3",
      "resolved": "https://registry.npmjs.org/tinyqueue/-/tinyqueue-2.0.3.tgz",
      "integrity": "sha512-ppJZNDuKGgxzkHihX8v9v9G5f+18gzaTfrukGrq6ueg0lmH4nqVnA2IPG0AEH3jKEk2GRJCUhDoqpoiw3PHLBA==",
      "license": "ISC"
    },
    "node_modules/tslib": {
      "version": "2.8.1",
      "resolved": "https://registry.npmjs.org/tslib/-/tslib-2.8.1.tgz",
      "integrity": "sha512-oJFu94HQb+KVduSUQL7wnpmqnfmLsOA/nAh6b6EH0wCEoK0/mPeXU6c3wKDV83MkOuHPRHtSXKKU99IBazS/2w==",
      "license": "0BSD"
    },
    "node_modules/typescript": {
      "version": "4.5.2",
      "integrity": "sha512-5BlMof9H1yGt0P8/WF+wPNw6GfctgGjXp5hkblpyT+8rkASSmkUKMXrxR0Xg8ThVCi/JnHQiKXeBaEwCeQwMFw==",
      "dev": true,
      "bin": {
        "tsc": "bin/tsc",
        "tsserver": "bin/tsserver"
      },
      "engines": {
        "node": ">=4.2.0"
      }
    },
    "node_modules/vite": {
      "version": "2.6.14",
      "integrity": "sha512-2HA9xGyi+EhY2MXo0+A2dRsqsAG3eFNEVIo12olkWhOmc8LfiM+eMdrXf+Ruje9gdXgvSqjLI9freec1RUM5EA==",
      "dev": true,
      "dependencies": {
        "esbuild": "^0.13.2",
        "postcss": "^8.3.8",
        "resolve": "^1.20.0",
        "rollup": "^2.57.0"
      },
      "bin": {
        "vite": "bin/vite.js"
      },
      "engines": {
        "node": ">=12.2.0"
      },
      "optionalDependencies": {
        "fsevents": "~2.3.2"
      },
      "peerDependencies": {
        "less": "*",
        "sass": "*",
        "stylus": "*"
      },
      "peerDependenciesMeta": {
        "less": {
          "optional": true
        },
        "sass": {
          "optional": true
        },
        "stylus": {
          "optional": true
        }
      }
    },
    "node_modules/vt-pbf": {
      "version": "3.1.3",
      "resolved": "https://registry.npmjs.org/vt-pbf/-/vt-pbf-3.1.3.tgz",
      "integrity": "sha512-2LzDFzt0mZKZ9IpVF2r69G9bXaP2Q2sArJCmcCgvfTdCCZzSyz4aCLoQyUilu37Ll56tCblIZrXFIjNUpGIlmA==",
      "license": "MIT",
      "dependencies": {
        "@mapbox/point-geometry": "0.1.0",
        "@mapbox/vector-tile": "^1.3.1",
        "pbf": "^3.2.1"
      }
    },
    "node_modules/vt-pbf/node_modules/@mapbox/point-geometry": {
      "version": "0.1.0",
      "resolved": "https://registry.npmjs.org/@mapbox/point-geometry/-/point-geometry-0.1.0.tgz",
      "integrity": "sha512-6j56HdLTwWGO0fJPlrZtdU/B13q8Uwmo18Ck2GnGgN9PCFyKTZ3UbXeEdRFh18i9XQ92eH2VdtpJHpBD3aripQ==",
      "license": "ISC"
    },
    "node_modules/wgs84": {
      "version": "0.0.0",
      "resolved": "https://registry.npmjs.org/wgs84/-/wgs84-0.0.0.tgz",
      "integrity": "sha512-ANHlY4Rb5kHw40D0NJ6moaVfOCMrp9Gpd1R/AIQYg2ko4/jzcJ+TVXYYF6kXJqQwITvEZP4yEthjM7U6rYlljQ==",
      "license": "BSD-2-Clause"
    }
  }
}
