# THIS IS AN AUTOGENERATED FILE. DO NOT EDIT THIS FILE DIRECTLY.
# yarn lockfile v1


"@formant/data-sdk@^0.0.103":
  version "0.0.103"
  resolved "https://registry.npmjs.org/@formant/data-sdk/-/data-sdk-0.0.103.tgz"
  dependencies:
    "@formant/realtime-sdk" "0.0.13"
    "@types/google-protobuf" "^3.15.5"
    typedoc "^0.22.13"

"@formant/realtime-sdk@0.0.13":
  version "0.0.13"
  resolved "https://registry.npmjs.org/@formant/realtime-sdk/-/realtime-sdk-0.0.13.tgz"
  dependencies:
    google-protobuf "3.17.3"
    grpc-web "1.2.1"

"@formant/ui-sdk-joystick@latest":
  version "0.0.2"
  resolved "https://registry.npmjs.org/@formant/ui-sdk-joystick/-/ui-sdk-joystick-0.0.2.tgz"

"@formant/ui-sdk-realtime-player-core-worker@0.0.2":
  version "0.0.2"
  resolved "https://registry.npmjs.org/@formant/ui-sdk-realtime-player-core-worker/-/ui-sdk-realtime-player-core-worker-0.0.2.tgz"
  dependencies:
    "@types/offscreencanvas" "^2019.6.4"
    h264decoder "^1.0.0"

"@formant/ui-sdk-realtime-player-core@0.0.2":
  version "0.0.2"
  resolved "https://registry.npmjs.org/@formant/ui-sdk-realtime-player-core/-/ui-sdk-realtime-player-core-0.0.2.tgz"

"@formant/ui-sdk-realtime-player@latest":
  version "0.0.5"
  resolved "https://registry.npmjs.org/@formant/ui-sdk-realtime-player/-/ui-sdk-realtime-player-0.0.5.tgz"
  dependencies:
    "@formant/ui-sdk-realtime-player-core" "0.0.2"
    "@formant/ui-sdk-realtime-player-core-worker" "0.0.2"

"@types/google-protobuf@^3.15.5":
  version "3.15.5"
  resolved "https://registry.npmjs.org/@types/google-protobuf/-/google-protobuf-3.15.5.tgz"

"@types/offscreencanvas@^2019.6.4":
  version "2019.6.4"
  resolved "https://registry.npmjs.org/@types/offscreencanvas/-/offscreencanvas-2019.6.4.tgz"

balanced-match@^1.0.0:
  version "1.0.2"
  resolved "https://registry.npmjs.org/balanced-match/-/balanced-match-1.0.2.tgz"

brace-expansion@^2.0.1:
  version "2.0.1"
  resolved "https://registry.npmjs.org/brace-expansion/-/brace-expansion-2.0.1.tgz"
  dependencies:
    balanced-match "^1.0.0"

esbuild@^0.12.17:
  version "0.12.29"
  resolved "https://registry.npmjs.org/esbuild/-/esbuild-0.12.29.tgz"

fs.realpath@^1.0.0:
  version "1.0.0"
  resolved "https://registry.npmjs.org/fs.realpath/-/fs.realpath-1.0.0.tgz"

fsevents@~2.3.2:
  version "2.3.2"
  resolved "https://registry.npmjs.org/fsevents/-/fsevents-2.3.2.tgz"

function-bind@^1.1.1:
  version "1.1.1"
  resolved "https://registry.npmjs.org/function-bind/-/function-bind-1.1.1.tgz"

glob@^8.0.3:
  version "8.0.3"
  resolved "https://registry.npmjs.org/glob/-/glob-8.0.3.tgz"
  dependencies:
    fs.realpath "^1.0.0"
    inflight "^1.0.4"
    inherits "2"
    minimatch "^5.0.1"
    once "^1.3.0"

google-protobuf@3.17.3:
  version "3.17.3"
  resolved "https://registry.npmjs.org/google-protobuf/-/google-protobuf-3.17.3.tgz"

grpc-web@1.2.1:
  version "1.2.1"
  resolved "https://registry.npmjs.org/grpc-web/-/grpc-web-1.2.1.tgz"

h264decoder@^1.0.0:
  version "1.0.0"
  resolved "https://registry.npmjs.org/h264decoder/-/h264decoder-1.0.0.tgz"

has@^1.0.3:
  version "1.0.3"
  resolved "https://registry.npmjs.org/has/-/has-1.0.3.tgz"
  dependencies:
    function-bind "^1.1.1"

inflight@^1.0.4:
  version "1.0.6"
  resolved "https://registry.npmjs.org/inflight/-/inflight-1.0.6.tgz"
  dependencies:
    once "^1.3.0"
    wrappy "1"

inherits@2:
  version "2.0.4"
  resolved "https://registry.npmjs.org/inherits/-/inherits-2.0.4.tgz"

is-core-module@^2.2.0:
  version "2.7.0"
  resolved "https://registry.npmjs.org/is-core-module/-/is-core-module-2.7.0.tgz"
  dependencies:
    has "^1.0.3"

jsonc-parser@^3.0.0:
  version "3.2.0"
  resolved "https://registry.npmjs.org/jsonc-parser/-/jsonc-parser-3.2.0.tgz"

lunr@^2.3.9:
  version "2.3.9"
  resolved "https://registry.npmjs.org/lunr/-/lunr-2.3.9.tgz"

marked@^4.0.16:
  version "4.2.2"
  resolved "https://registry.npmjs.org/marked/-/marked-4.2.2.tgz"

minimatch@^5.0.1, minimatch@^5.1.0:
  version "5.1.0"
  resolved "https://registry.npmjs.org/minimatch/-/minimatch-5.1.0.tgz"
  dependencies:
    brace-expansion "^2.0.1"

nanoid@^3.3.17:
  version "3.3.18"
  resolved "https://registry.yarnpkg.com/nanoid/-/nanoid-3.3.18.tgz#f66a2de1199ffde0fcf21c8a5f13106b1c081913"

once@^1.3.0:
  version "1.4.0"
  resolved "https://registry.npmjs.org/once/-/once-1.4.0.tgz"
  dependencies:
    wrappy "1"

path-parse@^1.0.6:
  version "1.0.7"
  resolved "https://registry.npmjs.org/path-parse/-/path-parse-1.0.7.tgz"

picocolors@^1.1.1:
  version "1.1.1"
  resolved "https://registry.yarnpkg.com/picocolors/-/picocolors-1.1.1.tgz#3d321af3eab939b083c8f929a1d12cda81c26b6b"

postcss@^8.3.6:
  version "8.5.26"
  resolved "https://registry.yarnpkg.com/postcss/-/postcss-8.5.26.tgz#6e75135780c7e10df3433bf2266c552d35c8c620"
  dependencies:
    nanoid "^3.3.17"
    picocolors "^1.1.1"
    source-map-js "^1.2.1"

resolve@^1.20.0:
  version "1.20.0"
  resolved "https://registry.npmjs.org/resolve/-/resolve-1.20.0.tgz"
  dependencies:
    is-core-module "^2.2.0"
    path-parse "^1.0.6"

rollup@^2.38.5:
  version "2.57.0"
  resolved "https://registry.npmjs.org/rollup/-/rollup-2.57.0.tgz"
  optionalDependencies:
    fsevents "~2.3.2"

shiki@^0.10.1:
  version "0.10.1"
  resolved "https://registry.npmjs.org/shiki/-/shiki-0.10.1.tgz"
  dependencies:
    jsonc-parser "^3.0.0"
    vscode-oniguruma "^1.6.1"
    vscode-textmate "5.2.0"

source-map-js@^1.2.1:
  version "1.2.1"
  resolved "https://registry.yarnpkg.com/source-map-js/-/source-map-js-1.2.1.tgz#1ce5650fddd87abc099eda37dcff024c2667ae46"

typedoc@^0.22.13:
  version "0.22.18"
  resolved "https://registry.npmjs.org/typedoc/-/typedoc-0.22.18.tgz"
  dependencies:
    glob "^8.0.3"
    lunr "^2.3.9"
    marked "^4.0.16"
    minimatch "^5.1.0"
    shiki "^0.10.1"

typescript@^4.3.2:
  version "4.4.3"
  resolved "https://registry.npmjs.org/typescript/-/typescript-4.4.3.tgz"

vite@^2.5.4:
  version "2.5.10"
  resolved "https://registry.npmjs.org/vite/-/vite-2.5.10.tgz"
  dependencies:
    esbuild "^0.12.17"
    postcss "^8.3.6"
    resolve "^1.20.0"
    rollup "^2.38.5"
  optionalDependencies:
    fsevents "~2.3.2"

vscode-oniguruma@^1.6.1:
  version "1.6.2"
  resolved "https://registry.npmjs.org/vscode-oniguruma/-/vscode-oniguruma-1.6.2.tgz"

vscode-textmate@5.2.0:
  version "5.2.0"
  resolved "https://registry.npmjs.org/vscode-textmate/-/vscode-textmate-5.2.0.tgz"

wrappy@1:
  version "1.0.2"
  resolved "https://registry.npmjs.org/wrappy/-/wrappy-1.0.2.tgz"
