{
  "name": "@formant/data-sdk",
  "version": "0.0.64",
  "lockfileVersion": 1,
  "requires": true,
  "dependencies": {
    "@formant/realtime-sdk": {
      "version": "0.0.7",
      "resolved": "https://registry.npmjs.org/@formant/realtime-sdk/-/realtime-sdk-0.0.7.tgz",
      "integrity": "sha512-ImJyH5bMXDFYI2a0XifDzBEi2FboJYH2Iy7GqjnOVezK+2t7Ku2QlQrwPyihMWZTc8eNBchpBEAym5RTBOtQtw==",
      "requires": {
        "google-protobuf": "3.17.3",
        "grpc-web": "1.2.1"
      }
    },
    "@types/google-protobuf": {
      "version": "3.15.5",
      "resolved": "https://registry.npmjs.org/@types/google-protobuf/-/google-protobuf-3.15.5.tgz",
      "integrity": "sha512-6bgv24B+A2bo9AfzReeg5StdiijKzwwnRflA8RLd1V4Yv995LeTmo0z69/MPbBDFSiZWdZHQygLo/ccXhMEDgw=="
    },
    "balanced-match": {
      "version": "1.0.2",
      "resolved": "https://registry.npmjs.org/balanced-match/-/balanced-match-1.0.2.tgz",
      "integrity": "sha512-3oSeUO0TMV67hN1AmbXsK4yaqU7tjiHlbxRDZOpH0KW9+CeX4bRAaX0Anxt0tx2MrpRpWwQaPwIlISEJhYU5Pw=="
    },
    "brace-expansion": {
      "version": "1.1.11",
      "resolved": "https://registry.npmjs.org/brace-expansion/-/brace-expansion-1.1.11.tgz",
      "integrity": "sha512-iCuPHDFgrHX7H2vEI/5xpz07zSHB00TpugqhmYtVmMO6518mCuRMoOYFldEBl0g187ufozdaHgWKcYFb61qGiA==",
      "requires": {
        "balanced-match": "^1.0.0",
        "concat-map": "0.0.1"
      }
    },
    "concat-map": {
      "version": "0.0.1",
      "resolved": "https://registry.npmjs.org/concat-map/-/concat-map-0.0.1.tgz",
      "integrity": "sha1-2Klr13/Wjfd5OnMDajug1UBdR3s="
    },
    "esbuild": {
      "version": "0.13.6",
      "resolved": "https://registry.npmjs.org/esbuild/-/esbuild-0.13.6.tgz",
      "integrity": "sha512-zkMkYwC9ohVe6qxXykKf/4jfbtM/09CL8UEEnwuhO7Xq8NOTN2yAwCrmKKvHlGrEej6Y8e/tAmHB7wMMg7O0ew==",
      "dev": true,
      "requires": {
        "esbuild-android-arm64": "0.13.6",
        "esbuild-darwin-64": "0.13.6",
        "esbuild-darwin-arm64": "0.13.6",
        "esbuild-freebsd-64": "0.13.6",
        "esbuild-freebsd-arm64": "0.13.6",
        "esbuild-linux-32": "0.13.6",
        "esbuild-linux-64": "0.13.6",
        "esbuild-linux-arm": "0.13.6",
        "esbuild-linux-arm64": "0.13.6",
        "esbuild-linux-mips64le": "0.13.6",
        "esbuild-linux-ppc64le": "0.13.6",
        "esbuild-netbsd-64": "0.13.6",
        "esbuild-openbsd-64": "0.13.6",
        "esbuild-sunos-64": "0.13.6",
        "esbuild-windows-32": "0.13.6",
        "esbuild-windows-64": "0.13.6",
        "esbuild-windows-arm64": "0.13.6"
      }
    },
    "esbuild-android-arm64": {
      "version": "0.13.6",
      "resolved": "https://registry.npmjs.org/esbuild-android-arm64/-/esbuild-android-arm64-0.13.6.tgz",
      "integrity": "sha512-uEwrMRzqNzXxzIi0K/CtHn3/SPoRso4Dd/aJCpf9KuX+kCs9Tlhz29cKbZieznYAekdo36fDUrZyuugAwSdI+A==",
      "dev": true,
      "optional": true
    },
    "esbuild-darwin-64": {
      "version": "0.13.6",
      "resolved": "https://registry.npmjs.org/esbuild-darwin-64/-/esbuild-darwin-64-0.13.6.tgz",
      "integrity": "sha512-oJdWZn2QV5LTM24/vVWaUFlMVlRhpG9zZIA6Xd+xbCULOURwYnYRQWIzRpXNtTfuAr3+em9PqKUaGtYqvO/DYg==",
      "dev": true,
      "optional": true
    },
    "esbuild-darwin-arm64": {
      "version": "0.13.6",
      "resolved": "https://registry.npmjs.org/esbuild-darwin-arm64/-/esbuild-darwin-arm64-0.13.6.tgz",
      "integrity": "sha512-+f8Yn5doTEpCWtBaGxciDTikxESdGCNZpLYtXzMJLTWFHr8zqfAf4TAYGvg6T5T6N7OMC8HHy3GM+BijFXDXMg==",
      "dev": true,
      "optional": true
    },
    "esbuild-freebsd-64": {
      "version": "0.13.6",
      "resolved": "https://registry.npmjs.org/esbuild-freebsd-64/-/esbuild-freebsd-64-0.13.6.tgz",
      "integrity": "sha512-Yb/DgZUX0C6i4vnOymthLzoWAJBYWbn3Y2F4wKEufsx2veGN/wlwO/yz7IWGVVzb2zMUqbt30hCLF61sUFe7gA==",
      "dev": true,
      "optional": true
    },
    "esbuild-freebsd-arm64": {
      "version": "0.13.6",
      "resolved": "https://registry.npmjs.org/esbuild-freebsd-arm64/-/esbuild-freebsd-arm64-0.13.6.tgz",
      "integrity": "sha512-UKYlEb7mwprSJ9VW9+q3/Mgxest45I6rGMB/hrKY1T6lqoBVhWS4BTbL4EGetWdk05Tw4njFAO9+nmxgl7jMlA==",
      "dev": true,
      "optional": true
    },
    "esbuild-linux-32": {
      "version": "0.13.6",
      "resolved": "https://registry.npmjs.org/esbuild-linux-32/-/esbuild-linux-32-0.13.6.tgz",
      "integrity": "sha512-hQCZfSLBYtn8f1afFT6Dh9KeLsW12xLqrqssbhpi/xfN9c/bbCh/QQZaR9ZOEnmBHHRPb7rbSo3jQqlCWYb7LQ==",
      "dev": true,
      "optional": true
    },
    "esbuild-linux-64": {
      "version": "0.13.6",
      "resolved": "https://registry.npmjs.org/esbuild-linux-64/-/esbuild-linux-64-0.13.6.tgz",
      "integrity": "sha512-bRQwsD+xJoajonfyeq5JpiNRogH4mYFYbYsGhwrtQ4pMGk93V/4KuKQiKEisRZO0hYhZL4MtxufwF195zKlCAw==",
      "dev": true,
      "optional": true
    },
    "esbuild-linux-arm": {
      "version": "0.13.6",
      "resolved": "https://registry.npmjs.org/esbuild-linux-arm/-/esbuild-linux-arm-0.13.6.tgz",
      "integrity": "sha512-qQUrpL7QoPqujXEFSpeu6QZ43z0+OdDPHDkLO0GPbpV/jebP7J+0FreMqoq7ZxWG4rPigwcRdEyqzHh8Bh4Faw==",
      "dev": true,
      "optional": true
    },
    "esbuild-linux-arm64": {
      "version": "0.13.6",
      "resolved": "https://registry.npmjs.org/esbuild-linux-arm64/-/esbuild-linux-arm64-0.13.6.tgz",
      "integrity": "sha512-sRc1lt9ma1xBvInCwpS77ywR6KVdcJNsErsrDkDXx3mVe8DLLEn05TG0nIX9I+s8ouHEepikdKCfe1DZdILRjQ==",
      "dev": true,
      "optional": true
    },
    "esbuild-linux-mips64le": {
      "version": "0.13.6",
      "resolved": "https://registry.npmjs.org/esbuild-linux-mips64le/-/esbuild-linux-mips64le-0.13.6.tgz",
      "integrity": "sha512-1lsHZaIsHlFkHn1QRa/EONPGVHwzdIrkKn6r2m9cYUIn2J+rKtJg0e+WkNG3MaIrxozaGKaiSPGvaG1toCbZjw==",
      "dev": true,
      "optional": true
    },
    "esbuild-linux-ppc64le": {
      "version": "0.13.6",
      "resolved": "https://registry.npmjs.org/esbuild-linux-ppc64le/-/esbuild-linux-ppc64le-0.13.6.tgz",
      "integrity": "sha512-x223JNC8XeLDf05zLaKfxqCEWVct4frp8ft8Qc13cha33TMrqMFaSPq6cgpgT2VYuUsXtwoocoWChKfvy+AUQg==",
      "dev": true,
      "optional": true
    },
    "esbuild-netbsd-64": {
      "version": "0.13.6",
      "resolved": "https://registry.npmjs.org/esbuild-netbsd-64/-/esbuild-netbsd-64-0.13.6.tgz",
      "integrity": "sha512-TonKf530kT25+zi1Da6esITmuBJe13QiN+QGVch6YE8t720IvIelDGwkOQN3Td7A0JjbSbK3u+Fo6YaL151VxQ==",
      "dev": true,
      "optional": true
    },
    "esbuild-openbsd-64": {
      "version": "0.13.6",
      "resolved": "https://registry.npmjs.org/esbuild-openbsd-64/-/esbuild-openbsd-64-0.13.6.tgz",
      "integrity": "sha512-WFa5J0IuyER0UJbCGw87gvGWXGfhxeNppYcvQjp0pWYuH4FS+YqphyjV0RJlybzzDpAXkyZ9RzkMFtSAp+6AUA==",
      "dev": true,
      "optional": true
    },
    "esbuild-sunos-64": {
      "version": "0.13.6",
      "resolved": "https://registry.npmjs.org/esbuild-sunos-64/-/esbuild-sunos-64-0.13.6.tgz",
      "integrity": "sha512-duCL8Ewri+zjKxuN/61maniDxcd8fHwSuubdAPofll0y0E6WcL/R/e/mQzhHIuoguFm5RJkKun1qua54javh7g==",
      "dev": true,
      "optional": true
    },
    "esbuild-windows-32": {
      "version": "0.13.6",
      "resolved": "https://registry.npmjs.org/esbuild-windows-32/-/esbuild-windows-32-0.13.6.tgz",
      "integrity": "sha512-U8RkpT4f0/dygA5ytFyHNZ/fRECU9LWBMrqWflNhM31iTi6RhU0QTuOzFYkmpYnwl358ZZhVoBeEOm313d4u4A==",
      "dev": true,
      "optional": true
    },
    "esbuild-windows-64": {
      "version": "0.13.6",
      "resolved": "https://registry.npmjs.org/esbuild-windows-64/-/esbuild-windows-64-0.13.6.tgz",
      "integrity": "sha512-A23VyUeyBfSWUYNL0jtrJi5M/2yR/RR8zfpGQ0wU0fldqV2vxnvmBYOBwRxexFYCDRpRWh4cPFsoYoXRCFa8Dg==",
      "dev": true,
      "optional": true
    },
    "esbuild-windows-arm64": {
      "version": "0.13.6",
      "resolved": "https://registry.npmjs.org/esbuild-windows-arm64/-/esbuild-windows-arm64-0.13.6.tgz",
      "integrity": "sha512-K/pFqK/s5C6wXYcFKO9iPY4yU3DI0/Gbl1W2+OhaPHoXu13VGBmqbCiQ5lohHGE72FFQl76naOjEayEiI+gDMQ==",
      "dev": true,
      "optional": true
    },
    "fs.realpath": {
      "version": "1.0.0",
      "resolved": "https://registry.npmjs.org/fs.realpath/-/fs.realpath-1.0.0.tgz",
      "integrity": "sha1-FQStJSMVjKpA20onh8sBQRmU6k8="
    },
    "fsevents": {
      "version": "2.3.2",
      "resolved": "https://registry.npmjs.org/fsevents/-/fsevents-2.3.2.tgz",
      "integrity": "sha512-xiqMQR4xAeHTuB9uWm+fFRcIOgKBMiOBP+eXiyT7jsgVCq1bkVygt00oASowB7EdtpOHaaPgKt812P9ab+DDKA==",
      "dev": true,
      "optional": true
    },
    "function-bind": {
      "version": "1.1.1",
      "resolved": "https://registry.npmjs.org/function-bind/-/function-bind-1.1.1.tgz",
      "integrity": "sha512-yIovAzMX49sF8Yl58fSCWJ5svSLuaibPxXQJFLmBObTuCr0Mf1KiPopGM9NiFjiYBCbfaa2Fh6breQ6ANVTI0A==",
      "dev": true
    },
    "glob": {
      "version": "7.2.0",
      "resolved": "https://registry.npmjs.org/glob/-/glob-7.2.0.tgz",
      "integrity": "sha512-lmLf6gtyrPq8tTjSmrO94wBeQbFR3HbLHbuyD69wuyQkImp2hWqMGB47OX65FBkPffO641IP9jWa1z4ivqG26Q==",
      "requires": {
        "fs.realpath": "^1.0.0",
        "inflight": "^1.0.4",
        "inherits": "2",
        "minimatch": "^3.0.4",
        "once": "^1.3.0",
        "path-is-absolute": "^1.0.0"
      },
      "dependencies": {
        "minimatch": {
          "version": "3.1.2",
          "resolved": "https://registry.npmjs.org/minimatch/-/minimatch-3.1.2.tgz",
          "integrity": "sha512-J7p63hRiAjw1NDEww1W7i37+ByIrOWO5XQQAzZ3VOcL0PNybwpfmV/N05zFAzwQ9USyEcX6t3UO+K5aqBQOIHw==",
          "requires": {
            "brace-expansion": "^1.1.7"
          }
        }
      }
    },
    "google-protobuf": {
      "version": "3.17.3",
      "resolved": "https://registry.npmjs.org/google-protobuf/-/google-protobuf-3.17.3.tgz",
      "integrity": "sha512-OVPzcSWIAJ+d5yiHyeaLrdufQtrvaBrF4JQg+z8ynTkbO3uFcujqXszTumqg1cGsAsjkWnI+M5B1xZ19yR4Wyg=="
    },
    "grpc-web": {
      "version": "1.2.1",
      "resolved": "https://registry.npmjs.org/grpc-web/-/grpc-web-1.2.1.tgz",
      "integrity": "sha512-ibBaJPzfMVuLPgaST9w0kZl60s+SnkPBQp6QKdpEr85tpc1gXW2QDqSne9xiyiym0logDfdUSm4aX5h9YBA2mw=="
    },
    "has": {
      "version": "1.0.3",
      "resolved": "https://registry.npmjs.org/has/-/has-1.0.3.tgz",
      "integrity": "sha512-f2dvO0VU6Oej7RkWJGrehjbzMAjFp5/VKPp5tTpWIV4JHHZK1/BxbFRtf/siA2SWTe09caDmVtYYzWEIbBS4zw==",
      "dev": true,
      "requires": {
        "function-bind": "^1.1.1"
      }
    },
    "inflight": {
      "version": "1.0.6",
      "resolved": "https://registry.npmjs.org/inflight/-/inflight-1.0.6.tgz",
      "integrity": "sha1-Sb1jMdfQLQwJvJEKEHW6gWW1bfk=",
      "requires": {
        "once": "^1.3.0",
        "wrappy": "1"
      }
    },
    "inherits": {
      "version": "2.0.4",
      "resolved": "https://registry.npmjs.org/inherits/-/inherits-2.0.4.tgz",
      "integrity": "sha512-k/vGaX4/Yla3WzyMCvTQOXYeIHvqOKtnqBduzTHpzpQZzAskKMhZ2K+EnBiSM9zGSoIFeMpXKxa4dYeZIQqewQ=="
    },
    "is-core-module": {
      "version": "2.8.0",
      "resolved": "https://registry.npmjs.org/is-core-module/-/is-core-module-2.8.0.tgz",
      "integrity": "sha512-vd15qHsaqrRL7dtH6QNuy0ndJmRDrS9HAM1CAiSifNUFv4x1a0CCVsj18hJ1mShxIG6T2i1sO78MkP56r0nYRw==",
      "dev": true,
      "requires": {
        "has": "^1.0.3"
      }
    },
    "jsonc-parser": {
      "version": "3.0.0",
      "resolved": "https://registry.npmjs.org/jsonc-parser/-/jsonc-parser-3.0.0.tgz",
      "integrity": "sha512-fQzRfAbIBnR0IQvftw9FJveWiHp72Fg20giDrHz6TdfB12UH/uue0D3hm57UB5KgAVuniLMCaS8P1IMj9NR7cA=="
    },
    "lunr": {
      "version": "2.3.9",
      "resolved": "https://registry.npmjs.org/lunr/-/lunr-2.3.9.tgz",
      "integrity": "sha512-zTU3DaZaF3Rt9rhN3uBMGQD3dD2/vFQqnvZCDv4dl5iOzq2IZQqTxu90r4E5J+nP70J3ilqVCrbho2eWaeW8Ow=="
    },
    "marked": {
      "version": "4.0.12",
      "resolved": "https://registry.npmjs.org/marked/-/marked-4.0.12.tgz",
      "integrity": "sha512-hgibXWrEDNBWgGiK18j/4lkS6ihTe9sxtV4Q1OQppb/0zzyPSzoFANBa5MfsG/zgsWklmNnhm0XACZOH/0HBiQ=="
    },
    "minimatch": {
      "version": "5.0.1",
      "resolved": "https://registry.npmjs.org/minimatch/-/minimatch-5.0.1.tgz",
      "integrity": "sha512-nLDxIFRyhDblz3qMuq+SoRZED4+miJ/G+tdDrjkkkRnjAsBexeGpgjLEQ0blJy7rHhR2b93rhQY4SvyWu9v03g==",
      "requires": {
        "brace-expansion": "^2.0.1"
      },
      "dependencies": {
        "brace-expansion": {
          "version": "2.0.1",
          "resolved": "https://registry.npmjs.org/brace-expansion/-/brace-expansion-2.0.1.tgz",
          "integrity": "sha512-XnAIvQ8eM+kC6aULx6wuQiwVsnzsi9d3WxzV3FpWTGA19F621kwdbsAcFKXgKUHZWsy+mY6iL1sHTxWEFCytDA==",
          "requires": {
            "balanced-match": "^1.0.0"
          }
        }
      }
    },
    "nanoid": {
      "version": "3.1.30",
      "resolved": "https://registry.npmjs.org/nanoid/-/nanoid-3.1.30.tgz",
      "integrity": "sha512-zJpuPDwOv8D2zq2WRoMe1HsfZthVewpel9CAvTfc/2mBD1uUT/agc5f7GHGWXlYkFvi1mVxe4IjvP2HNrop7nQ==",
      "dev": true
    },
    "once": {
      "version": "1.4.0",
      "resolved": "https://registry.npmjs.org/once/-/once-1.4.0.tgz",
      "integrity": "sha1-WDsap3WWHUsROsF9nFC6753Xa9E=",
      "requires": {
        "wrappy": "1"
      }
    },
    "path-is-absolute": {
      "version": "1.0.1",
      "resolved": "https://registry.npmjs.org/path-is-absolute/-/path-is-absolute-1.0.1.tgz",
      "integrity": "sha1-F0uSaHNVNP+8es5r9TpanhtcX18="
    },
    "path-parse": {
      "version": "1.0.7",
      "resolved": "https://registry.npmjs.org/path-parse/-/path-parse-1.0.7.tgz",
      "integrity": "sha512-LDJzPVEEEPR+y48z93A0Ed0yXb8pAByGWo/k5YYdYgpY2/2EsOsksJrq7lOHxryrVOn1ejG6oAp8ahvOIQD8sw==",
      "dev": true
    },
    "picocolors": {
      "version": "0.2.1",
      "resolved": "https://registry.npmjs.org/picocolors/-/picocolors-0.2.1.tgz",
      "integrity": "sha512-cMlDqaLEqfSaW8Z7N5Jw+lyIW869EzT73/F5lhtY9cLGoVxSXznfgfXMO0Z5K0o0Q2TkTXq+0KFsdnSe3jDViA==",
      "dev": true
    },
    "postcss": {
      "version": "8.3.9",
      "resolved": "https://registry.npmjs.org/postcss/-/postcss-8.3.9.tgz",
      "integrity": "sha512-f/ZFyAKh9Dnqytx5X62jgjhhzttjZS7hMsohcI7HEI5tjELX/HxCy3EFhsRxyzGvrzFF+82XPvCS8T9TFleVJw==",
      "dev": true,
      "requires": {
        "nanoid": "^3.1.28",
        "picocolors": "^0.2.1",
        "source-map-js": "^0.6.2"
      }
    },
    "resolve": {
      "version": "1.20.0",
      "resolved": "https://registry.npmjs.org/resolve/-/resolve-1.20.0.tgz",
      "integrity": "sha512-wENBPt4ySzg4ybFQW2TT1zMQucPK95HSh/nq2CFTZVOGut2+pQvSsgtda4d26YrYcr067wjbmzOG8byDPBX63A==",
      "dev": true,
      "requires": {
        "is-core-module": "^2.2.0",
        "path-parse": "^1.0.6"
      }
    },
    "rollup": {
      "version": "2.58.0",
      "resolved": "https://registry.npmjs.org/rollup/-/rollup-2.58.0.tgz",
      "integrity": "sha512-NOXpusKnaRpbS7ZVSzcEXqxcLDOagN6iFS8p45RkoiMqPHDLwJm758UF05KlMoCRbLBTZsPOIa887gZJ1AiXvw==",
      "dev": true,
      "requires": {
        "fsevents": "~2.3.2"
      }
    },
    "shiki": {
      "version": "0.10.1",
      "resolved": "https://registry.npmjs.org/shiki/-/shiki-0.10.1.tgz",
      "integrity": "sha512-VsY7QJVzU51j5o1+DguUd+6vmCmZ5v/6gYu4vyYAhzjuNQU6P/vmSy4uQaOhvje031qQMiW0d2BwgMH52vqMng==",
      "requires": {
        "jsonc-parser": "^3.0.0",
        "vscode-oniguruma": "^1.6.1",
        "vscode-textmate": "5.2.0"
      }
    },
    "source-map-js": {
      "version": "0.6.2",
      "resolved": "https://registry.npmjs.org/source-map-js/-/source-map-js-0.6.2.tgz",
      "integrity": "sha512-/3GptzWzu0+0MBQFrDKzw/DvvMTUORvgY6k6jd/VS6iCR4RDTKWH6v6WPwQoUO8667uQEf9Oe38DxAYWY5F/Ug==",
      "dev": true
    },
    "typedoc": {
      "version": "0.22.13",
      "resolved": "https://registry.npmjs.org/typedoc/-/typedoc-0.22.13.tgz",
      "integrity": "sha512-NHNI7Dr6JHa/I3+c62gdRNXBIyX7P33O9TafGLd07ur3MqzcKgwTvpg18EtvCLHJyfeSthAtCLpM7WkStUmDuQ==",
      "requires": {
        "glob": "^7.2.0",
        "lunr": "^2.3.9",
        "marked": "^4.0.12",
        "minimatch": "^5.0.1",
        "shiki": "^0.10.1"
      }
    },
    "typescript": {
      "version": "4.4.4",
      "resolved": "https://registry.npmjs.org/typescript/-/typescript-4.4.4.tgz",
      "integrity": "sha512-DqGhF5IKoBl8WNf8C1gu8q0xZSInh9j1kJJMqT3a94w1JzVaBU4EXOSMrz9yDqMT0xt3selp83fuFMQ0uzv6qA==",
      "dev": true
    },
    "vite": {
      "version": "2.6.7",
      "resolved": "https://registry.npmjs.org/vite/-/vite-2.6.7.tgz",
      "integrity": "sha512-ewk//jve9k6vlU8PfJmWUHN8k0YYdw4VaKOMvoQ3nT2Pb6k5OSMKQi4jPOzVH/TlUqMsCrq7IJ80xcuDDVyigg==",
      "dev": true,
      "requires": {
        "esbuild": "^0.13.2",
        "fsevents": "~2.3.2",
        "postcss": "^8.3.8",
        "resolve": "^1.20.0",
        "rollup": "^2.57.0"
      }
    },
    "vscode-oniguruma": {
      "version": "1.6.2",
      "resolved": "https://registry.npmjs.org/vscode-oniguruma/-/vscode-oniguruma-1.6.2.tgz",
      "integrity": "sha512-KH8+KKov5eS/9WhofZR8M8dMHWN2gTxjMsG4jd04YhpbPR91fUj7rYQ2/XjeHCJWbg7X++ApRIU9NUwM2vTvLA=="
    },
    "vscode-textmate": {
      "version": "5.2.0",
      "resolved": "https://registry.npmjs.org/vscode-textmate/-/vscode-textmate-5.2.0.tgz",
      "integrity": "sha512-Uw5ooOQxRASHgu6C7GVvUxisKXfSgW4oFlO+aa+PAkgmH89O3CXxEEzNRNtHSqtXFTl0nAC1uYj0GMSH27uwtQ=="
    },
    "wrappy": {
      "version": "1.0.2",
      "resolved": "https://registry.npmjs.org/wrappy/-/wrappy-1.0.2.tgz",
      "integrity": "sha1-tSQ9jz7BqjXxNkYFvA0QNuMKtp8="
    }
  }
}
