# THIS IS AN AUTOGENERATED FILE. DO NOT EDIT THIS FILE DIRECTLY.
# yarn lockfile v1


"@formant/data-sdk@^0.0.56", "@formant/data-sdk@latest":
  "integrity" "sha512-CEwuEgmybyDR0+hsoyZ4mgmTDaYGXYci9dm/bTE7NDl0b1vqtsXpYC7K4BUUnCANO30yAtUCWvr60saBLq0hnA=="
  "resolved" "https://registry.npmjs.org/@formant/data-sdk/-/data-sdk-0.0.56.tgz"
  "version" "0.0.56"
  dependencies:
    "@formant/realtime-sdk" "0.0.4"
    "@types/google-protobuf" "^3.15.5"

"@formant/realtime-sdk@0.0.4":
  "integrity" "sha512-kBBLhBqorYz8kk8wLqLe4myH9D1YoS0K1PEncQ4H5ITKulP+zYnF9MbMQBGnNVx2KCepf0b1FWC75MwJodPqtQ=="
  "resolved" "https://registry.npmjs.org/@formant/realtime-sdk/-/realtime-sdk-0.0.4.tgz"
  "version" "0.0.4"
  dependencies:
    "google-protobuf" "3.17.3"
    "grpc-web" "1.2.1"

"@formant/three-formant-urdf@latest":
  "integrity" "sha512-YbViPVNZjzPsDsSy/tJQq1LSTpXqhv9wOlFwDphkuzSq2yqhh4eFJOdfAFLy/iuWngXnVlesb84pM2YChTbxdA=="
  "resolved" "https://registry.npmjs.org/@formant/three-formant-urdf/-/three-formant-urdf-0.0.0.tgz"
  "version" "0.0.0"
  dependencies:
    "@formant/data-sdk" "^0.0.56"
    "@types/three" "^0.131.0"
    "jszip" "^3.7.1"
    "three" "^0.132.2"
    "urdf-loader" "^0.10.2"

"@types/google-protobuf@^3.15.5":
  "integrity" "sha512-6bgv24B+A2bo9AfzReeg5StdiijKzwwnRflA8RLd1V4Yv995LeTmo0z69/MPbBDFSiZWdZHQygLo/ccXhMEDgw=="
  "resolved" "https://registry.npmjs.org/@types/google-protobuf/-/google-protobuf-3.15.5.tgz"
  "version" "3.15.5"

"@types/three@^0.131.0":
  "integrity" "sha512-unnjsolcm7R90e4XK9qMq4JYEzly0XQNa0pG8RAOMZeVzj3FLIFPymAYUx4Osz0gY9jFZz8omIQplqiieEE7gw=="
  "resolved" "https://registry.npmjs.org/@types/three/-/three-0.131.1.tgz"
  "version" "0.131.1"

"colorette@^1.2.2":
  "integrity" "sha512-Y2oEozpomLn7Q3HFP7dpww7AtMJplbM9lGZP6RDfHqmbeRjiwRg4n6VM6j4KLmRke85uWEI7JqF17f3pqdRA0g=="
  "resolved" "https://registry.npmjs.org/colorette/-/colorette-1.4.0.tgz"
  "version" "1.4.0"

"core-util-is@~1.0.0":
  "integrity" "sha512-ZQBvi1DcpJ4GDqanjucZ2Hj3wEO5pZDS89BWbkcrvdxksJorwUDDZamX9ldFkp9aw2lmBDLgkObEA4DWNJ9FYQ=="
  "resolved" "https://registry.npmjs.org/core-util-is/-/core-util-is-1.0.3.tgz"
  "version" "1.0.3"

"esbuild@^0.12.17":
  "integrity" "sha512-woie0PosbRSoN8gQytrdCzUbS2ByKgO8nD1xCZkEup3D9q92miCze4PqEI9TZDYAuwn6CruEnQpJxgTRWdooAg=="
  "resolved" "https://registry.npmjs.org/esbuild/-/esbuild-0.12.25.tgz"
  "version" "0.12.25"

"fsevents@~2.3.2":
  "integrity" "sha512-xiqMQR4xAeHTuB9uWm+fFRcIOgKBMiOBP+eXiyT7jsgVCq1bkVygt00oASowB7EdtpOHaaPgKt812P9ab+DDKA=="
  "resolved" "https://registry.npmjs.org/fsevents/-/fsevents-2.3.2.tgz"
  "version" "2.3.2"

"function-bind@^1.1.1":
  "integrity" "sha512-yIovAzMX49sF8Yl58fSCWJ5svSLuaibPxXQJFLmBObTuCr0Mf1KiPopGM9NiFjiYBCbfaa2Fh6breQ6ANVTI0A=="
  "resolved" "https://registry.npmjs.org/function-bind/-/function-bind-1.1.1.tgz"
  "version" "1.1.1"

"google-protobuf@3.17.3":
  "integrity" "sha512-OVPzcSWIAJ+d5yiHyeaLrdufQtrvaBrF4JQg+z8ynTkbO3uFcujqXszTumqg1cGsAsjkWnI+M5B1xZ19yR4Wyg=="
  "resolved" "https://registry.npmjs.org/google-protobuf/-/google-protobuf-3.17.3.tgz"
  "version" "3.17.3"

"grpc-web@1.2.1":
  "integrity" "sha512-ibBaJPzfMVuLPgaST9w0kZl60s+SnkPBQp6QKdpEr85tpc1gXW2QDqSne9xiyiym0logDfdUSm4aX5h9YBA2mw=="
  "resolved" "https://registry.npmjs.org/grpc-web/-/grpc-web-1.2.1.tgz"
  "version" "1.2.1"

"has@^1.0.3":
  "integrity" "sha512-f2dvO0VU6Oej7RkWJGrehjbzMAjFp5/VKPp5tTpWIV4JHHZK1/BxbFRtf/siA2SWTe09caDmVtYYzWEIbBS4zw=="
  "resolved" "https://registry.npmjs.org/has/-/has-1.0.3.tgz"
  "version" "1.0.3"
  dependencies:
    "function-bind" "^1.1.1"

"immediate@~3.0.5":
  "integrity" "sha1-nbHb0Pr43m++D13V5Wu2BigN5ps="
  "resolved" "https://registry.npmjs.org/immediate/-/immediate-3.0.6.tgz"
  "version" "3.0.6"

"inherits@~2.0.3":
  "integrity" "sha512-k/vGaX4/Yla3WzyMCvTQOXYeIHvqOKtnqBduzTHpzpQZzAskKMhZ2K+EnBiSM9zGSoIFeMpXKxa4dYeZIQqewQ=="
  "resolved" "https://registry.npmjs.org/inherits/-/inherits-2.0.4.tgz"
  "version" "2.0.4"

"is-core-module@^2.2.0":
  "integrity" "sha512-wShG8vs60jKfPWpF2KZRaAtvt3a20OAn7+IJ6hLPECpSABLcKtFKTTI4ZtH5QcBruBHlq+WsdHWyz0BCZW7svQ=="
  "resolved" "https://registry.npmjs.org/is-core-module/-/is-core-module-2.6.0.tgz"
  "version" "2.6.0"
  dependencies:
    "has" "^1.0.3"

"isarray@~1.0.0":
  "integrity" "sha1-u5NdSFgsuhaMBoNJV6VKPgcSTxE="
  "resolved" "https://registry.npmjs.org/isarray/-/isarray-1.0.0.tgz"
  "version" "1.0.0"

"jszip@^3.7.1":
  "integrity" "sha512-ghL0tz1XG9ZEmRMcEN2vt7xabrDdqHHeykgARpmZ0BiIctWxM47Vt63ZO2dnp4QYt/xJVLLy5Zv1l/xRdh2byg=="
  "resolved" "https://registry.npmjs.org/jszip/-/jszip-3.7.1.tgz"
  "version" "3.7.1"
  dependencies:
    "lie" "~3.3.0"
    "pako" "~1.0.2"
    "readable-stream" "~2.3.6"
    "set-immediate-shim" "~1.0.1"

"lie@~3.3.0":
  "integrity" "sha512-UaiMJzeWRlEujzAuw5LokY1L5ecNQYZKfmyZ9L7wDHb/p5etKaxXhohBcrw0EYby+G/NA52vRSN4N39dxHAIwQ=="
  "resolved" "https://registry.npmjs.org/lie/-/lie-3.3.0.tgz"
  "version" "3.3.0"
  dependencies:
    "immediate" "~3.0.5"

"nanoid@^3.1.23":
  "integrity" "sha512-rdwtIXaXCLFAQbnfqDRnI6jaRHp9fTcYBjtFKE8eezcZ7LuLjhUaQGNeMXf1HmRoCH32CLz6XwX0TtxEOS/A3Q=="
  "resolved" "https://registry.npmjs.org/nanoid/-/nanoid-3.1.25.tgz"
  "version" "3.1.25"

"pako@~1.0.2":
  "integrity" "sha512-4hLB8Py4zZce5s4yd9XzopqwVv/yGNhV1Bl8NTmCq1763HeK2+EwVTv+leGeL13Dnh2wfbqowVPXCIO0z4taYw=="
  "resolved" "https://registry.npmjs.org/pako/-/pako-1.0.11.tgz"
  "version" "1.0.11"

"path-parse@^1.0.6":
  "integrity" "sha512-LDJzPVEEEPR+y48z93A0Ed0yXb8pAByGWo/k5YYdYgpY2/2EsOsksJrq7lOHxryrVOn1ejG6oAp8ahvOIQD8sw=="
  "resolved" "https://registry.npmjs.org/path-parse/-/path-parse-1.0.7.tgz"
  "version" "1.0.7"

"postcss@^8.3.6":
  "integrity" "sha512-wG1cc/JhRgdqB6WHEuyLTedf3KIRuD0hG6ldkFEZNCjRxiC+3i6kkWUUbiJQayP28iwG35cEmAbe98585BYV0A=="
  "resolved" "https://registry.npmjs.org/postcss/-/postcss-8.3.6.tgz"
  "version" "8.3.6"
  dependencies:
    "colorette" "^1.2.2"
    "nanoid" "^3.1.23"
    "source-map-js" "^0.6.2"

"process-nextick-args@~2.0.0":
  "integrity" "sha512-3ouUOpQhtgrbOa17J7+uxOTpITYWaGP7/AhoR3+A+/1e9skrzelGi/dXzEYyvbxubEF6Wn2ypscTKiKJFFn1ag=="
  "resolved" "https://registry.npmjs.org/process-nextick-args/-/process-nextick-args-2.0.1.tgz"
  "version" "2.0.1"

"readable-stream@~2.3.6":
  "integrity" "sha512-Ebho8K4jIbHAxnuxi7o42OrZgF/ZTNcsZj6nRKyUmkhLFq8CHItp/fy6hQZuZmP/n3yZ9VBUbp4zz/mX8hmYPw=="
  "resolved" "https://registry.npmjs.org/readable-stream/-/readable-stream-2.3.7.tgz"
  "version" "2.3.7"
  dependencies:
    "core-util-is" "~1.0.0"
    "inherits" "~2.0.3"
    "isarray" "~1.0.0"
    "process-nextick-args" "~2.0.0"
    "safe-buffer" "~5.1.1"
    "string_decoder" "~1.1.1"
    "util-deprecate" "~1.0.1"

"resolve@^1.20.0":
  "integrity" "sha512-wENBPt4ySzg4ybFQW2TT1zMQucPK95HSh/nq2CFTZVOGut2+pQvSsgtda4d26YrYcr067wjbmzOG8byDPBX63A=="
  "resolved" "https://registry.npmjs.org/resolve/-/resolve-1.20.0.tgz"
  "version" "1.20.0"
  dependencies:
    "is-core-module" "^2.2.0"
    "path-parse" "^1.0.6"

"rollup@^2.38.5":
  "integrity" "sha512-Au92NuznFklgQCUcV96iXlxUbHuB1vQMaH76DHl5M11TotjOHwqk9CwcrT78+Tnv4FN9uTBxq6p4EJoYkpyekg=="
  "resolved" "https://registry.npmjs.org/rollup/-/rollup-2.56.3.tgz"
  "version" "2.56.3"
  dependencies:
    "fsevents" "~2.3.2"
  optionalDependencies:
    "fsevents" "~2.3.2"

"safe-buffer@~5.1.0", "safe-buffer@~5.1.1":
  "integrity" "sha512-Gd2UZBJDkXlY7GbJxfsE8/nvKkUEU1G38c1siN6QP6a9PT9MmHB8GnpscSmMJSoF8LOIrt8ud/wPtojys4G6+g=="
  "resolved" "https://registry.npmjs.org/safe-buffer/-/safe-buffer-5.1.2.tgz"
  "version" "5.1.2"

"set-immediate-shim@~1.0.1":
  "integrity" "sha1-SysbJ+uAip+NzEgaWOXlb1mfP2E="
  "resolved" "https://registry.npmjs.org/set-immediate-shim/-/set-immediate-shim-1.0.1.tgz"
  "version" "1.0.1"

"source-map-js@^0.6.2":
  "integrity" "sha512-/3GptzWzu0+0MBQFrDKzw/DvvMTUORvgY6k6jd/VS6iCR4RDTKWH6v6WPwQoUO8667uQEf9Oe38DxAYWY5F/Ug=="
  "resolved" "https://registry.npmjs.org/source-map-js/-/source-map-js-0.6.2.tgz"
  "version" "0.6.2"

"string_decoder@~1.1.1":
  "integrity" "sha512-n/ShnvDi6FHbbVfviro+WojiFzv+s8MPMHBczVePfUpDJLwoLT0ht1l4YwBCbi8pJAveEEdnkHyPyTP/mzRfwg=="
  "resolved" "https://registry.npmjs.org/string_decoder/-/string_decoder-1.1.1.tgz"
  "version" "1.1.1"
  dependencies:
    "safe-buffer" "~5.1.0"

"three@^0.132.2":
  "integrity" "sha512-0wcR7LxxkXMn6Gi58gEs3QvY8WpTVXA31L2VOvpjm4ZPYFRHCZC13UqynheFoS5OXDYgtBneN0dhbaNBE8iLhQ=="
  "resolved" "https://registry.npmjs.org/three/-/three-0.132.2.tgz"
  "version" "0.132.2"

"typescript@^4.3.2":
  "integrity" "sha512-gzP+t5W4hdy4c+68bfcv0t400HVJMMd2+H9B7gae1nQlBzCqvrXX+6GL/b3GAgyTH966pzrZ70/fRjwAtZksSQ=="
  "resolved" "https://registry.npmjs.org/typescript/-/typescript-4.4.2.tgz"
  "version" "4.4.2"

"urdf-loader@^0.10.2":
  "integrity" "sha512-vWR3S7jpweWwdAaSwJY5PsfTVS/lMESAL6FjbCRQUlatTLPlpOvsxC9A/3x9mRC0prEd7ByBQSxbYEbPO+hYWg=="
  "resolved" "https://registry.npmjs.org/urdf-loader/-/urdf-loader-0.10.2.tgz"
  "version" "0.10.2"

"util-deprecate@~1.0.1":
  "integrity" "sha1-RQ1Nyfpw3nMnYvvS1KKJgUGaDM8="
  "resolved" "https://registry.npmjs.org/util-deprecate/-/util-deprecate-1.0.2.tgz"
  "version" "1.0.2"

"vite@^2.5.4":
  "integrity" "sha512-EAdbX8A6MJaqC6UuicZtoxY9+BdaBdcGVaROXvsu+vnlGyzZzm63QQgANJryIB0DvenveHAoCriN+dAnoS+TIQ=="
  "resolved" "https://registry.npmjs.org/vite/-/vite-2.5.4.tgz"
  "version" "2.5.4"
  dependencies:
    "esbuild" "^0.12.17"
    "fsevents" "~2.3.2"
    "postcss" "^8.3.6"
    "resolve" "^1.20.0"
    "rollup" "^2.38.5"
  optionalDependencies:
    "fsevents" "~2.3.2"
